<?xml version="1.0" encoding="utf-8"?>
<Project ToolsVersion="4.0" xmlns="http://schemas.microsoft.com/developer/msbuild/2003">
  <ItemGroup>
    <Filter Include="Source Files">
      <UniqueIdentifier>{4FC737F1-C7A5-4376-A066-2A32D752A2FF}</UniqueIdentifier>
      <Extensions>cpp;c;cc;cxx;def;odl;idl;hpj;bat;asm;asmx</Extensions>
    </Filter>
    <Filter Include="Header Files">
      <UniqueIdentifier>{93995380-89BD-4b04-88EB-625FBE52EBFB}</UniqueIdentifier>
      <Extensions>h;hh;hpp;hxx;hm;inl;inc;ipp;xsd</Extensions>
    </Filter>
    <Filter Include="Resource Files">
      <UniqueIdentifier>{67DA6AB6-F800-4c08-8B7A-83BB121AAD01}</UniqueIdentifier>
      <Extensions>rc;ico;cur;bmp;dlg;rc2;rct;bin;rgs;gif;jpg;jpeg;jpe;resx;tiff;tif;png;wav;mfcribbon-ms</Extensions>
    </Filter>
    <Filter Include="Project Files">
      <UniqueIdentifier>{85e9a61f-00eb-4e33-aeb5-dbf0569d0fa7}</UniqueIdentifier>
    </Filter>
  </ItemGroup>
  <ItemGroup>
    <ClInclude Include="src\core\core.h">
      <Filter>Header Files</Filter>
    </ClInclude>
    <ClInclude Include="rtek.h">
      <Filter>Header Files</Filter>
    </ClInclude>
    <ClInclude Include="src\core\types.h">
      <Filter>Header Files</Filter>
    </ClInclude>
    <ClInclude Include="src\core\ecs\entity_manager.h">
      <Filter>Header Files</Filter>
    </ClInclude>
    <ClInclude Include="src\core\ecs\systems\movement_system.h">
      <Filter>Header Files</Filter>
    </ClInclude>
    <ClInclude Include="src\core\ecs\components\movement_component.h">
      <Filter>Header Files</Filter>
    </ClInclude>
    <ClInclude Include="src\core\ecs\components\transform_component.h">
      <Filter>Header Files</Filter>
    </ClInclude>
    <ClInclude Include="src\core\ecs\components\component.h">
      <Filter>Header Files</Filter>
    </ClInclude>
    <ClInclude Include="src\core\ecs\systems\system.h">
      <Filter>Header Files</Filter>
    </ClInclude>
    <ClInclude Include="src\core\ecs\entity.h">
      <Filter>Header Files</Filter>
    </ClInclude>
    <ClInclude Include="src\core\logging\logging.h">
      <Filter>Header Files</Filter>
    </ClInclude>
    <ClInclude Include="src\core\platform\platform.h">
      <Filter>Header Files</Filter>
    </ClInclude>
    <ClInclude Include="src\core\utility\assert.h">
      <Filter>Header Files</Filter>
    </ClInclude>
    <ClInclude Include="src\core\utility\status.h">
      <Filter>Header Files</Filter>
    </ClInclude>
    <ClInclude Include="src\core\utility\version.h">
      <Filter>Header Files</Filter>
    </ClInclude>
    <ClInclude Include="src\core\utility\time.h">
      <Filter>Header Files</Filter>
    </ClInclude>
    <ClInclude Include="src\core\math\vector.h">
      <Filter>Header Files</Filter>
    </ClInclude>
    <ClInclude Include="src\core\rkmisc.h">
      <Filter>Header Files</Filter>
    </ClInclude>
  </ItemGroup>
  <ItemGroup>
    <ClCompile Include="src\core\core.cpp">
      <Filter>Source Files</Filter>
    </ClCompile>
    <ClCompile Include="src\test\main_test.cpp">
      <Filter>Source Files</Filter>
    </ClCompile>
    <ClCompile Include="src\core\ecs\entity_manager.cpp">
      <Filter>Source Files</Filter>
    </ClCompile>
    <ClCompile Include="src\core\logging\logging.cpp">
      <Filter>Source Files</Filter>
    </ClCompile>
    <ClCompile Include="src\core\platform\platform.cpp">
      <Filter>Source Files</Filter>
    </ClCompile>
    <ClCompile Include="src\core\math\vector.cpp">
      <Filter>Source Files</Filter>
    </ClCompile>
    <ClCompile Include="src\core\utility\assert.cpp">
      <Filter>Source Files</Filter>
    </ClCompile>
  </ItemGroup>
  <ItemGroup>
    <None Include=".doxyfile">
      <Filter>Project Files</Filter>
    </None>
    <None Include=".editorconfig">
      <Filter>Project Files</Filter>
    </None>
    <None Include="README.md">
      <Filter>Project Files</Filter>
    </None>
    <None Include=".clang-format" />
    <None Include=".clang-tidy" />
  </ItemGroup>
</Project>